
Microsoft Visual Studio Solution File, Format Version 12.00
# Visual Studio 15
VisualStudioVersion = 15.0.28010.2036
MinimumVisualStudioVersion = 10.0.40219.1
Project("{FAE04EC0-301F-11D3-BF4B-00C04F79EFBC}") = "nRank", "nRank\nRank.csproj", "{2F3638AB-4988-4C99-AD30-5984A7A10266}"
EndProject
Project("{FAE04EC0-301F-11D3-BF4B-00C04F79EFBC}") = "nRank.console", "nRank.console\nRank.console.csproj", "{50A2925D-9E06-4855-A8A0-417219703ACB}"
EndProject
Global
	GlobalSection(SolutionConfigurationPlatforms) = preSolution
		Debug|Any CPU = Debug|Any CPU
		Release|Any CPU = Release|Any CPU
	EndGlobalSection
	GlobalSection(ProjectConfigurationPlatforms) = postSolution
		{2F3638AB-4988-4C99-AD30-5984A7A10266}.Debug|Any CPU.ActiveCfg = Debug|Any CPU
		{2F3638AB-4988-4C99-AD30-5984A7A10266}.Debug|Any CPU.Build.0 = Debug|Any CPU
		{2F3638AB-4988-4C99-AD30-5984A7A10266}.Release|Any CPU.ActiveCfg = Release|Any CPU
		{2F3638AB-4988-4C99-AD30-5984A7A10266}.Release|Any CPU.Build.0 = Release|Any CPU
		{50A2925D-9E06-4855-A8A0-417219703ACB}.Debug|Any CPU.ActiveCfg = Debug|Any CPU
		{50A2925D-9E06-4855-A8A0-417219703ACB}.Debug|Any CPU.Build.0 = Debug|Any CPU
		{50A2925D-9E06-4855-A8A0-417219703ACB}.Release|Any CPU.ActiveCfg = Release|Any CPU
		{50A2925D-9E06-4855-A8A0-417219703ACB}.Release|Any CPU.Build.0 = Release|Any CPU
	EndGlobalSection
	GlobalSection(SolutionProperties) = preSolution
		HideSolutionNode = FALSE
	EndGlobalSection
	GlobalSection(ExtensibilityGlobals) = postSolution
		SolutionGuid = {E89DAA85-3978-4002-A178-2D8F14E7DE6C}
	EndGlobalSection
EndGlobal
